dependencies:
- name: prometheus
  repository: https://prometheus-community.github.io/helm-charts
  version: 25.21.0
- name: vector
  repository: https://helm.vector.dev
  version: 0.34.0
- name: dcgm-exporter
  repository: https://nvidia.github.io/dcgm-exporter/helm-charts
  version: 3.4.0
digest: sha256:666836b9cef15f67e751189dd90a57c0a4f80bf1b9d66a2a18c09d618f2b3f51
generated: "2026-08-05T17:30:07.067408265+05:30"
