dependencies:
- name: prometheus
  repository: https://prometheus-community.github.io/helm-charts
  version: 25.21.0
- name: vector
  repository: https://helm.vector.dev
  version: 0.34.0
- name: dcgm-exporter
  repository: https://nvidia.github.io/dcgm-exporter/helm-charts
  version: 4.8.3
digest: sha256:6baf079f8e7903e1e357e7a48d2141bfe57018a40c93d92758160341f0994103
generated: "2026-09-14T16:43:15.000205839-04:00"
